// !$*UTF8*$!
{
	archiveVersion = 1;
	classes = {
	};
	objectVersion = 46;
	objects = {

/* Begin PBXBuildFile section */
		6230FE301A69DF87008752C0 /* Foundation.framework in Frameworks */ = {isa = PBXBuildFile; fileRef = 6230FE2F1A69DF87008752C0 /* Foundation.framework */; };
		6230FE321A69DF87008752C0 /* CoreGraphics.framework in Frameworks */ = {isa = PBXBuildFile; fileRef = 6230FE311A69DF87008752C0 /* CoreGraphics.framework */; };
		6230FE341A69DF87008752C0 /* UIKit.framework in Frameworks */ = {isa = PBXBuildFile; fileRef = 6230FE331A69DF87008752C0 /* UIKit.framework */; };
		6230FE3A1A69DF87008752C0 /* InfoPlist.strings in Resources */ = {isa = PBXBuildFile; fileRef = 6230FE381A69DF87008752C0 /* InfoPlist.strings */; };
		6230FE3C1A69DF87008752C0 /* main.m in Sources */ = {isa = PBXBuildFile; fileRef = 6230FE3B1A69DF87008752C0 /* main.m */; };
		6230FE401A69DF87008752C0 /* MVRAppDelegate.m in Sources */ = {isa = PBXBuildFile; fileRef = 6230FE3F1A69DF87008752C0 /* MVRAppDelegate.m */; };
		6230FE421A69DF87008752C0 /* Images.xcassets in Resources */ = {isa = PBXBuildFile; fileRef = 6230FE411A69DF87008752C0 /* Images.xcassets */; };
		6230FE491A69DF87008752C0 /* XCTest.framework in Frameworks */ = {isa = PBXBuildFile; fileRef = 6230FE481A69DF87008752C0 /* XCTest.framework */; };
		6230FE4A1A69DF87008752C0 /* Foundation.framework in Frameworks */ = {isa = PBXBuildFile; fileRef = 6230FE2F1A69DF87008752C0 /* Foundation.framework */; };
		6230FE4B1A69DF87008752C0 /* UIKit.framework in Frameworks */ = {isa = PBXBuildFile; fileRef = 6230FE331A69DF87008752C0 /* UIKit.framework */; };
		6230FE531A69DF87008752C0 /* InfoPlist.strings in Resources */ = {isa = PBXBuildFile; fileRef = 6230FE511A69DF87008752C0 /* InfoPlist.strings */; };
		6230FE551A69DF87008752C0 /* ITCS2825_Lab1_MRandaTests.m in Sources */ = {isa = PBXBuildFile; fileRef = 6230FE541A69DF87008752C0 /* ITCS2825_Lab1_MRandaTests.m */; };
/* End PBXBuildFile section */

/* Begin PBXContainerItemProxy section */
		6230FE4C1A69DF87008752C0 /* PBXContainerItemProxy */ = {
			isa = PBXContainerItemProxy;
			containerPortal = 6230FE241A69DF87008752C0 /* Project object */;
			proxyType = 1;
			remoteGlobalIDString = 6230FE2B1A69DF87008752C0;
			remoteInfo = ITCS2825_Lab1_MRanda;
		};
/* End PBXContainerItemProxy section */

/* Begin PBXFileReference section */
		6230FE2C1A69DF87008752C0 /* ITCS2825_Lab1_MRanda.app */ = {isa = PBXFileReference; explicitFileType = wrapper.application; includeInIndex = 0; path = ITCS2825_Lab1_MRanda.app; sourceTree = BUILT_PRODUCTS_DIR; };
		6230FE2F1A69DF87008752C0 /* Foundation.framework */ = {isa = PBXFileReference; lastKnownFileType = wrapper.framework; name = Foundation.framework; path = System/Library/Frameworks/Foundation.framework; sourceTree = SDKROOT; };
		6230FE311A69DF87008752C0 /* CoreGraphics.framework */ = {isa = PBXFileReference; lastKnownFileType = wrapper.framework; name = CoreGraphics.framework; path = System/Library/Frameworks/CoreGraphics.framework; sourceTree = SDKROOT; };
		6230FE331A69DF87008752C0 /* UIKit.framework */ = {isa = PBXFileReference; lastKnownFileType = wrapper.framework; name = UIKit.framework; path = System/Library/Frameworks/UIKit.framework; sourceTree = SDKROOT; };
		6230FE371A69DF87008752C0 /* ITCS2825_Lab1_MRanda-Info.plist */ = {isa = PBXFileReference; lastKnownFileType = text.plist.xml; path = "ITCS2825_Lab1_MRanda-Info.plist"; sourceTree = "<group>"; };
		6230FE391A69DF87008752C0 /* en */ = {isa = PBXFileReference; lastKnownFileType = text.plist.strings; name = en; path = en.lproj/InfoPlist.strings; sourceTree = "<group>"; };
		6230FE3B1A69DF87008752C0 /* main.m */ = {isa = PBXFileReference; lastKnownFileType = sourcecode.c.objc; path = main.m; sourceTree = "<group>"; };
		6230FE3D1A69DF87008752C0 /* ITCS2825_Lab1_MRanda-Prefix.pch */ = {isa = PBXFileReference; lastKnownFileType = sourcecode.c.h; path = "ITCS2825_Lab1_MRanda-Prefix.pch"; sourceTree = "<group>"; };
		6230FE3E1A69DF87008752C0 /* MVRAppDelegate.h */ = {isa = PBXFileReference; lastKnownFileType = sourcecode.c.h; path = MVRAppDelegate.h; sourceTree = "<group>"; };
		6230FE3F1A69DF87008752C0 /* MVRAppDelegate.m */ = {isa = PBXFileReference; lastKnownFileType = sourcecode.c.objc; path = MVRAppDelegate.m; sourceTree = "<group>"; };
		6230FE411A69DF87008752C0 /* Images.xcassets */ = {isa = PBXFileReference; lastKnownFileType = folder.assetcatalog; path = Images.xcassets; sourceTree = "<group>"; };
		6230FE471A69DF87008752C0 /* ITCS2825_Lab1_MRandaTests.xctest */ = {isa = PBXFileReference; explicitFileType = wrapper.cfbundle; includeInIndex = 0; path = ITCS2825_Lab1_MRandaTests.xctest; sourceTree = BUILT_PRODUCTS_DIR; };
		6230FE481A69DF87008752C0 /* XCTest.framework */ = {isa = PBXFileReference; lastKnownFileType = wrapper.framework; name = XCTest.framework; path = Library/Frameworks/XCTest.framework; sourceTree = DEVELOPER_DIR; };
		6230FE501A69DF87008752C0 /* ITCS2825_Lab1_MRandaTests-Info.plist */ = {isa = PBXFileReference; lastKnownFileType = text.plist.xml; path = "ITCS2825_Lab1_MRandaTests-Info.plist"; sourceTree = "<group>"; };
		6230FE521A69DF87008752C0 /* en */ = {isa = PBXFileReference; lastKnownFileType = text.plist.strings; name = en; path = en.lproj/InfoPlist.strings; sourceTree = "<group>"; };
		6230FE541A69DF87008752C0 /* ITCS2825_Lab1_MRandaTests.m */ = {isa = PBXFileReference; lastKnownFileType = sourcecode.c.objc; path = ITCS2825_Lab1_MRandaTests.m; sourceTree = "<group>"; };
/* End PBXFileReference section */

/* Begin PBXFrameworksBuildPhase section */
		6230FE291A69DF87008752C0 /* Frameworks */ = {
			isa = PBXFrameworksBuildPhase;
			buildActionMask = 2147483647;
			files = (
				6230FE321A69DF87008752C0 /* CoreGraphics.framework in Frameworks */,
				6230FE341A69DF87008752C0 /* UIKit.framework in Frameworks */,
				6230FE301A69DF87008752C0 /* Foundation.framework in Frameworks */,
			);
			runOnlyForDeploymentPostprocessing = 0;
		};
		6230FE441A69DF87008752C0 /* Frameworks */ = {
			isa = PBXFrameworksBuildPhase;
			buildActionMask = 2147483647;
			files = (
				6230FE491A69DF87008752C0 /* XCTest.framework in Frameworks */,
				6230FE4B1A69DF87008752C0 /* UIKit.framework in Frameworks */,
				6230FE4A1A69DF87008752C0 /* Foundation.framework in Frameworks */,
			);
			runOnlyForDeploymentPostprocessing = 0;
		};
/* End PBXFrameworksBuildPhase section */

/* Begin PBXGroup section */
		6230FE231A69DF87008752C0 = {
			isa = PBXGroup;
			children = (
				6230FE351A69DF87008752C0 /* ITCS2825_Lab1_MRanda */,
				6230FE4E1A69DF87008752C0 /* ITCS2825_Lab1_MRandaTests */,
				6230FE2E1A69DF87008752C0 /* Frameworks */,
				6230FE2D1A69DF87008752C0 /* Products */,
			);
			sourceTree = "<group>";
		};
		6230FE2D1A69DF87008752C0 /* Products */ = {
			isa = PBXGroup;
			children = (
				6230FE2C1A69DF87008752C0 /* ITCS2825_Lab1_MRanda.app */,
				6230FE471A69DF87008752C0 /* ITCS2825_Lab1_MRandaTests.xctest */,
			);
			name = Products;
			sourceTree = "<group>";
		};
		6230FE2E1A69DF87008752C0 /* Frameworks */ = {
			isa = PBXGroup;
			children = (
				6230FE2F1A69DF87008752C0 /* Foundation.framework */,
				6230FE311A69DF87008752C0 /* CoreGraphics.framework */,
				6230FE331A69DF87008752C0 /* UIKit.framework */,
				6230FE481A69DF87008752C0 /* XCTest.framework */,
			);
			name = Frameworks;
			sourceTree = "<group>";
		};
		6230FE351A69DF87008752C0 /* ITCS2825_Lab1_MRanda */ = {
			isa = PBXGroup;
			children = (
				6230FE3E1A69DF87008752C0 /* MVRAppDelegate.h */,
				6230FE3F1A69DF87008752C0 /* MVRAppDelegate.m */,
				6230FE411A69DF87008752C0 /* Images.xcassets */,
				6230FE361A69DF87008752C0 /* Supporting Files */,
			);
			path = ITCS2825_Lab1_MRanda;
			sourceTree = "<group>";
		};
		6230FE361A69DF87008752C0 /* Supporting Files */ = {
			isa = PBXGroup;
			children = (
				6230FE371A69DF87008752C0 /* ITCS2825_Lab1_MRanda-Info.plist */,
				6230FE381A69DF87008752C0 /* InfoPlist.strings */,
				6230FE3B1A69DF87008752C0 /* main.m */,
				6230FE3D1A69DF87008752C0 /* ITCS2825_Lab1_MRanda-Prefix.pch */,
			);
			name = "Supporting Files";
			sourceTree = "<group>";
		};
		6230FE4E1A69DF87008752C0 /* ITCS2825_Lab1_MRandaTests */ = {
			isa = PBXGroup;
			children = (
				6230FE541A69DF87008752C0 /* ITCS2825_Lab1_MRandaTests.m */,
				6230FE4F1A69DF87008752C0 /* Supporting Files */,
			);
			path = ITCS2825_Lab1_MRandaTests;
			sourceTree = "<group>";
		};
		6230FE4F1A69DF87008752C0 /* Supporting Files */ = {
			isa = PBXGroup;
			children = (
				6230FE501A69DF87008752C0 /* ITCS2825_Lab1_MRandaTests-Info.plist */,
				6230FE511A69DF87008752C0 /* InfoPlist.strings */,
			);
			name = "Supporting Files";
			sourceTree = "<group>";
		};
/* End PBXGroup section */

/* Begin PBXNativeTarget section */
		6230FE2B1A69DF87008752C0 /* ITCS2825_Lab1_MRanda */ = {
			isa = PBXNativeTarget;
			buildConfigurationList = 6230FE581A69DF87008752C0 /* Build configuration list for PBXNativeTarget "ITCS2825_Lab1_MRanda" */;
			buildPhases = (
				6230FE281A69DF87008752C0 /* Sources */,
				6230FE291A69DF87008752C0 /* Frameworks */,
				6230FE2A1A69DF87008752C0 /* Resources */,
			);
			buildRules = (
			);
			dependencies = (
			);
			name = ITCS2825_Lab1_MRanda;
			productName = ITCS2825_Lab1_MRanda;
			productReference = 6230FE2C1A69DF87008752C0 /* ITCS2825_Lab1_MRanda.app */;
			productType = "com.apple.product-type.application";
		};
		6230FE461A69DF87008752C0 /* ITCS2825_Lab1_MRandaTests */ = {
			isa = PBXNativeTarget;
			buildConfigurationList = 6230FE5B1A69DF87008752C0 /* Build configuration list for PBXNativeTarget "ITCS2825_Lab1_MRandaTests" */;
			buildPhases = (
				6230FE431A69DF87008752C0 /* Sources */,
				6230FE441A69DF87008752C0 /* Frameworks */,
				6230FE451A69DF87008752C0 /* Resources */,
			);
			buildRules = (
			);
			dependencies = (
				6230FE4D1A69DF87008752C0 /* PBXTargetDependency */,
			);
			name = ITCS2825_Lab1_MRandaTests;
			productName = ITCS2825_Lab1_MRandaTests;
			productReference = 6230FE471A69DF87008752C0 /* ITCS2825_Lab1_MRandaTests.xctest */;
			productType = "com.apple.product-type.bundle.unit-test";
		};
/* End PBXNativeTarget section */

/* Begin PBXProject section */
		6230FE241A69DF87008752C0 /* Project object */ = {
			isa = PBXProject;
			attributes = {
				CLASSPREFIX = MVR;
				LastUpgradeCheck = 0510;
				ORGANIZATIONNAME = "ITCS2825_Lab1_MRanda Hour2";
				TargetAttributes = {
					6230FE461A69DF87008752C0 = {
						TestTargetID = 6230FE2B1A69DF87008752C0;
					};
				};
			};
			buildConfigurationList = 6230FE271A69DF87008752C0 /* Build configuration list for PBXProject "ITCS2825_Lab1_MRanda" */;
			compatibilityVersion = "Xcode 3.2";
			developmentRegion = English;
			hasScannedForEncodings = 0;
			knownRegions = (
				en,
			);
			mainGroup = 6230FE231A69DF87008752C0;
			productRefGroup = 6230FE2D1A69DF87008752C0 /* Products */;
			projectDirPath = "";
			projectRoot = "";
			targets = (
				6230FE2B1A69DF87008752C0 /* ITCS2825_Lab1_MRanda */,
				6230FE461A69DF87008752C0 /* ITCS2825_Lab1_MRandaTests */,
			);
		};
/* End PBXProject section */

/* Begin PBXResourcesBuildPhase section */
		6230FE2A1A69DF87008752C0 /* Resources */ = {
			isa = PBXResourcesBuildPhase;
			buildActionMask = 2147483647;
			files = (
				6230FE3A1A69DF87008752C0 /* InfoPlist.strings in Resources */,
				6230FE421A69DF87008752C0 /* Images.xcassets in Resources */,
			);
			runOnlyForDeploymentPostprocessing = 0;
		};
		6230FE451A69DF87008752C0 /* Resources */ = {
			isa = PBXResourcesBuildPhase;
			buildActionMask = 2147483647;
			files = (
				6230FE531A69DF87008752C0 /* InfoPlist.strings in Resources */,
			);
			runOnlyForDeploymentPostprocessing = 0;
		};
/* End PBXResourcesBuildPhase section */

/* Begin PBXSourcesBuildPhase section */
		6230FE281A69DF87008752C0 /* Sources */ = {
			isa = PBXSourcesBuildPhase;
			buildActionMask = 2147483647;
			files = (
				6230FE401A69DF87008752C0 /* MVRAppDelegate.m in Sources */,
				6230FE3C1A69DF87008752C0 /* main.m in Sources */,
			);
			runOnlyForDeploymentPostprocessing = 0;
		};
		6230FE431A69DF87008752C0 /* Sources */ = {
			isa = PBXSourcesBuildPhase;
			buildActionMask = 2147483647;
			files = (
				6230FE551A69DF87008752C0 /* ITCS2825_Lab1_MRandaTests.m in Sources */,
			);
			runOnlyForDeploymentPostprocessing = 0;
		};
/* End PBXSourcesBuildPhase section */

/* Begin PBXTargetDependency section */
		6230FE4D1A69DF87008752C0 /* PBXTargetDependency */ = {
			isa = PBXTargetDependency;
			target = 6230FE2B1A69DF87008752C0 /* ITCS2825_Lab1_MRanda */;
			targetProxy = 6230FE4C1A69DF87008752C0 /* PBXContainerItemProxy */;
		};
/* End PBXTargetDependency section */

/* Begin PBXVariantGroup section */
		6230FE381A69DF87008752C0 /* InfoPlist.strings */ = {
			isa = PBXVariantGroup;
			children = (
				6230FE391A69DF87008752C0 /* en */,
			);
			name = InfoPlist.strings;
			sourceTree = "<group>";
		};
		6230FE511A69DF87008752C0 /* InfoPlist.strings */ = {
			isa = PBXVariantGroup;
			children = (
				6230FE521A69DF87008752C0 /* en */,
			);
			name = InfoPlist.strings;
			sourceTree = "<group>";
		};
/* End PBXVariantGroup section */

/* Begin XCBuildConfiguration section */
		6230FE561A69DF87008752C0 /* Debug */ = {
			isa = XCBuildConfiguration;
			buildSettings = {
				ALWAYS_SEARCH_USER_PATHS = NO;
				CLANG_CXX_LANGUAGE_STANDARD = "gnu++0x";
				CLANG_CXX_LIBRARY = "libc++";
				CLANG_ENABLE_MODULES = YES;
				CLANG_ENABLE_OBJC_ARC = YES;
				CLANG_WARN_BOOL_CONVERSION = YES;
				CLANG_WARN_CONSTANT_CONVERSION = YES;
				CLANG_WARN_DIRECT_OBJC_ISA_USAGE = YES_ERROR;
				CLANG_WARN_EMPTY_BODY = YES;
				CLANG_WARN_ENUM_CONVERSION = YES;
				CLANG_WARN_INT_CONVERSION = YES;
				CLANG_WARN_OBJC_ROOT_CLASS = YES_ERROR;
				CLANG_WARN__DUPLICATE_METHOD_MATCH = YES;
				"CODE_SIGN_IDENTITY[sdk=iphoneos*]" = "iPhone Developer";
				COPY_PHASE_STRIP = NO;
				GCC_C_LANGUAGE_STANDARD = gnu99;
				GCC_DYNAMIC_NO_PIC = NO;
				GCC_OPTIMIZATION_LEVEL = 0;
				GCC_PREPROCESSOR_DEFINITIONS = (
					"DEBUG=1",
					"$(inherited)",
				);
				GCC_SYMBOLS_PRIVATE_EXTERN = NO;
				GCC_WARN_64_TO_32_BIT_CONVERSION = YES;
				GCC_WARN_ABOUT_RETURN_TYPE = YES_ERROR;
				GCC_WARN_UNDECLARED_SELECTOR = YES;
				GCC_WARN_UNINITIALIZED_AUTOS = YES_AGGRESSIVE;
				GCC_WARN_UNUSED_FUNCTION = YES;
				GCC_WARN_UNUSED_VARIABLE = YES;
				IPHONEOS_DEPLOYMENT_TARGET = 7.1;
				ONLY_ACTIVE_ARCH = YES;
				SDKROOT = iphoneos;
			};
			name = Debug;
		};
		6230FE571A69DF87008752C0 /* Release */ = {
			isa = XCBuildConfiguration;
			buildSettings = {
				ALWAYS_SEARCH_USER_PATHS = NO;
				CLANG_CXX_LANGUAGE_STANDARD = "gnu++0x";
				CLANG_CXX_LIBRARY = "libc++";
				CLANG_ENABLE_MODULES = YES;
				CLANG_ENABLE_OBJC_ARC = YES;
				CLANG_WARN_BOOL_CONVERSION = YES;
				CLANG_WARN_CONSTANT_CONVERSION = YES;
				CLANG_WARN_DIRECT_OBJC_ISA_USAGE = YES_ERROR;
				CLANG_WARN_EMPTY_BODY = YES;
				CLANG_WARN_ENUM_CONVERSION = YES;
				CLANG_WARN_INT_CONVERSION = YES;
				CLANG_WARN_OBJC_ROOT_CLASS = YES_ERROR;
				CLANG_WARN__DUPLICATE_METHOD_MATCH = YES;
				"CODE_SIGN_IDENTITY[sdk=iphoneos*]" = "iPhone Developer";
				COPY_PHASE_STRIP = YES;
				ENABLE_NS_ASSERTIONS = NO;
				GCC_C_LANGUAGE_STANDARD = gnu99;
				GCC_WARN_64_TO_32_BIT_CONVERSION = YES;
				GCC_WARN_ABOUT_RETURN_TYPE = YES_ERROR;
				GCC_WARN_UNDECLARED_SELECTOR = YES;
				GCC_WARN_UNINITIALIZED_AUTOS = YES_AGGRESSIVE;
				GCC_WARN_UNUSED_FUNCTION = YES;
				GCC_WARN_UNUSED_VARIABLE = YES;
				IPHONEOS_DEPLOYMENT_TARGET = 7.1;
				SDKROOT = iphoneos;
				VALIDATE_PRODUCT = YES;
			};
			name = Release;
		};
		6230FE591A69DF87008752C0 /* Debug */ = {
			isa = XCBuildConfiguration;
			buildSettings = {
				ASSETCATALOG_COMPILER_APPICON_NAME = AppIcon;
				ASSETCATALOG_COMPILER_LAUNCHIMAGE_NAME = LaunchImage;
				GCC_PRECOMPILE_PREFIX_HEADER = YES;
				GCC_PREFIX_HEADER = "ITCS2825_Lab1_MRanda/ITCS2825_Lab1_MRanda-Prefix.pch";
				INFOPLIST_FILE = "ITCS2825_Lab1_MRanda/ITCS2825_Lab1_MRanda-Info.plist";
				PRODUCT_NAME = "$(TARGET_NAME)";
				WRAPPER_EXTENSION = app;
			};
			name = Debug;
		};
		6230FE5A1A69DF87008752C0 /* Release */ = {
			isa = XCBuildConfiguration;
			buildSettings = {
				ASSETCATALOG_COMPILER_APPICON_NAME = AppIcon;
				ASSETCATALOG_COMPILER_LAUNCHIMAGE_NAME = LaunchImage;
				GCC_PRECOMPILE_PREFIX_HEADER = YES;
				GCC_PREFIX_HEADER = "ITCS2825_Lab1_MRanda/ITCS2825_Lab1_MRanda-Prefix.pch";
				INFOPLIST_FILE = "ITCS2825_Lab1_MRanda/ITCS2825_Lab1_MRanda-Info.plist";
				PRODUCT_NAME = "$(TARGET_NAME)";
				WRAPPER_EXTENSION = app;
			};
			name = Release;
		};
		6230FE5C1A69DF87008752C0 /* Debug */ = {
			isa = XCBuildConfiguration;
			buildSettings = {
				BUNDLE_LOADER = "$(BUILT_PRODUCTS_DIR)/ITCS2825_Lab1_MRanda.app/ITCS2825_Lab1_MRanda";
				FRAMEWORK_SEARCH_PATHS = (
					"$(SDKROOT)/Developer/Library/Frameworks",
					"$(inherited)",
					"$(DEVELOPER_FRAMEWORKS_DIR)",
				);
				GCC_PRECOMPILE_PREFIX_HEADER = YES;
				GCC_PREFIX_HEADER = "ITCS2825_Lab1_MRanda/ITCS2825_Lab1_MRanda-Prefix.pch";
				GCC_PREPROCESSOR_DEFINITIONS = (
					"DEBUG=1",
					"$(inherited)",
				);
				INFOPLIST_FILE = "ITCS2825_Lab1_MRandaTests/ITCS2825_Lab1_MRandaTests-Info.plist";
				PRODUCT_NAME = "$(TARGET_NAME)";
				TEST_HOST = "$(BUNDLE_LOADER)";
				WRAPPER_EXTENSION = xctest;
			};
			name = Debug;
		};
		6230FE5D1A69DF87008752C0 /* Release */ = {
			isa = XCBuildConfiguration;
			buildSettings = {
				BUNDLE_LOADER = "$(BUILT_PRODUCTS_DIR)/ITCS2825_Lab1_MRanda.app/ITCS2825_Lab1_MRanda";
				FRAMEWORK_SEARCH_PATHS = (
					"$(SDKROOT)/Developer/Library/Frameworks",
					"$(inherited)",
					"$(DEVELOPER_FRAMEWORKS_DIR)",
				);
				GCC_PRECOMPILE_PREFIX_HEADER = YES;
				GCC_PREFIX_HEADER = "ITCS2825_Lab1_MRanda/ITCS2825_Lab1_MRanda-Prefix.pch";
				INFOPLIST_FILE = "ITCS2825_Lab1_MRandaTests/ITCS2825_Lab1_MRandaTests-Info.plist";
				PRODUCT_NAME = "$(TARGET_NAME)";
				TEST_HOST = "$(BUNDLE_LOADER)";
				WRAPPER_EXTENSION = xctest;
			};
			name = Release;
		};
/* End XCBuildConfiguration section */

/* Begin XCConfigurationList section */
		6230FE271A69DF87008752C0 /* Build configuration list for PBXProject "ITCS2825_Lab1_MRanda" */ = {
			isa = XCConfigurationList;
			buildConfigurations = (
				6230FE561A69DF87008752C0 /* Debug */,
				6230FE571A69DF87008752C0 /* Release */,
			);
			defaultConfigurationIsVisible = 0;
			defaultConfigurationName = Release;
		};
		6230FE581A69DF87008752C0 /* Build configuration list for PBXNativeTarget "ITCS2825_Lab1_MRanda" */ = {
			isa = XCConfigurationList;
			buildConfigurations = (
				6230FE591A69DF87008752C0 /* Debug */,
				6230FE5A1A69DF87008752C0 /* Release */,
			);
			defaultConfigurationIsVisible = 0;
		};
		6230FE5B1A69DF87008752C0 /* Build configuration list for PBXNativeTarget "ITCS2825_Lab1_MRandaTests" */ = {
			isa = XCConfigurationList;
			buildConfigurations = (
				6230FE5C1A69DF87008752C0 /* Debug */,
				6230FE5D1A69DF87008752C0 /* Release */,
			);
			defaultConfigurationIsVisible = 0;
		};
/* End XCConfigurationList section */
	};
	rootObject = 6230FE241A69DF87008752C0 /* Project object */;
}
